
Microsoft Visual Studio Solution File, Format Version 12.00
# Visual Studio Version 17
VisualStudioVersion = 17.4.33403.182
MinimumVisualStudioVersion = 10.0.40219.1
Project("{FAE04EC0-301F-11D3-BF4B-00C04F79EFBC}") = "St-Marcel", "St-Marcel\St-Marcel.csproj", "{94690083-6B50-4A49-9F13-3D0EA4BF083B}"
EndProject
Global
	GlobalSection(SolutionConfigurationPlatforms) = preSolution
		Debug|Any CPU = Debug|Any CPU
		Release|Any CPU = Release|Any CPU
	EndGlobalSection
	GlobalSection(ProjectConfigurationPlatforms) = postSolution
		{94690083-6B50-4A49-9F13-3D0EA4BF083B}.Debug|Any CPU.ActiveCfg = Debug|Any CPU
		{94690083-6B50-4A49-9F13-3D0EA4BF083B}.Debug|Any CPU.Build.0 = Debug|Any CPU
		{94690083-6B50-4A49-9F13-3D0EA4BF083B}.Release|Any CPU.ActiveCfg = Release|Any CPU
		{94690083-6B50-4A49-9F13-3D0EA4BF083B}.Release|Any CPU.Build.0 = Release|Any CPU
	EndGlobalSection
	GlobalSection(SolutionProperties) = preSolution
		HideSolutionNode = FALSE
	EndGlobalSection
	GlobalSection(ExtensibilityGlobals) = postSolution
		SolutionGuid = {1F72A3AF-209F-4469-B56A-E417B248B2DD}
	EndGlobalSection
EndGlobal
